
Microsoft Visual Studio Solution File, Format Version 11.00
# Visual Studio 2010
# SharpDevelop 5.1
Project("{FAE04EC0-301F-11D3-BF4B-00C04F79EFBC}") = "Elektrik", "Elektrik\Elektrik.csproj", "{3FD7F75C-CEA0-444F-91B5-81FD531426A5}"
EndProject
Global
	GlobalSection(SolutionConfigurationPlatforms) = preSolution
		Debug|Any CPU = Debug|Any CPU
		Release|Any CPU = Release|Any CPU
	EndGlobalSection
	GlobalSection(ProjectConfigurationPlatforms) = postSolution
		{3FD7F75C-CEA0-444F-91B5-81FD531426A5}.Debug|Any CPU.ActiveCfg = Debug|Any CPU
		{3FD7F75C-CEA0-444F-91B5-81FD531426A5}.Debug|Any CPU.Build.0 = Debug|Any CPU
		{3FD7F75C-CEA0-444F-91B5-81FD531426A5}.Release|Any CPU.ActiveCfg = Release|Any CPU
		{3FD7F75C-CEA0-444F-91B5-81FD531426A5}.Release|Any CPU.Build.0 = Release|Any CPU
	EndGlobalSection
EndGlobal
